Microsoft Visual Studio Solution File, Format Version 12.00
# Visual Studio Version 17
VisualStudioVersion = 17.5.2.0
MinimumVisualStudioVersion = 10.0.40219.1
Project("{FAE04EC0-301F-11D3-BF4B-00C04F79EFBC}") = "LiquidAiNanoAppPiiMasker", "LiquidAiNanoAppPiiMasker\LiquidAiNanoAppPiiMasker.csproj", "{5CE13229-FE87-1F4F-91FE-39C99C4EFCB5}"
EndProject
Global
	GlobalSection(SolutionConfigurationPlatforms) = preSolution
		Debug|Any CPU = Debug|Any CPU
		Release|Any CPU = Release|Any CPU
	EndGlobalSection
	GlobalSection(ProjectConfigurationPlatforms) = postSolution
		{5CE13229-FE87-1F4F-91FE-39C99C4EFCB5}.Debug|Any CPU.ActiveCfg = Debug|Any CPU
		{5CE13229-FE87-1F4F-91FE-39C99C4EFCB5}.Debug|Any CPU.Build.0 = Debug|Any CPU
		{5CE13229-FE87-1F4F-91FE-39C99C4EFCB5}.Release|Any CPU.ActiveCfg = Release|Any CPU
		{5CE13229-FE87-1F4F-91FE-39C99C4EFCB5}.Release|Any CPU.Build.0 = Release|Any CPU
	EndGlobalSection
	GlobalSection(SolutionProperties) = preSolution
		HideSolutionNode = FALSE
	EndGlobalSection
	GlobalSection(ExtensibilityGlobals) = postSolution
		SolutionGuid = {D0EAE8B5-BBAC-4D77-85E7-AC733602C82F}
	EndGlobalSection
EndGlobal
